# THIS IS AN AUTOGENERATED FILE. DO NOT EDIT THIS FILE DIRECTLY.
# yarn lockfile v1


"@cryptoalgebra/alm-vault@^1.0.9":
  version "1.0.9"
  resolved "https://registry.yarnpkg.com/@cryptoalgebra/alm-vault/-/alm-vault-1.0.9.tgz#9a8d6efd90a1c71664463c70aee0296fb4d7b305"
  integrity sha512-c/QI8nuZkepgCjBvzWaqzGkufE6EVT9Y7ugiP/KIWm76k4IKoHIklIwT+IDTbn+/r9qsfOeUD2c2xhDwmEM5XA==
  dependencies:
    "@cryptoalgebra/integral-core" "^1.2.0"
    "@cryptoalgebra/integral-periphery" "^1.2.0"
    "@openzeppelin/contracts" "4.9.3"

"@cryptoalgebra/integral-core@1.2.0", "@cryptoalgebra/integral-core@^1.2.0":
  version "1.2.0"
  resolved "https://registry.yarnpkg.com/@cryptoalgebra/integral-core/-/integral-core-1.2.0.tgz#ad2476d93ff53aefad78a53ef499891ba2ae1bb3"
  integrity sha512-BKi/iOj3QflrBOeV5slpqXszpkNEirEd1qXwJxx4bNuTu9lih3aSorvhoNdgg6Jr5wlDuZrw/JrGvOIj4OqhbQ==
  dependencies:
    "@openzeppelin/contracts" "4.9.3"

"@cryptoalgebra/integral-periphery@1.2.0", "@cryptoalgebra/integral-periphery@^1.2.0":
  version "1.2.0"
  resolved "https://registry.yarnpkg.com/@cryptoalgebra/integral-periphery/-/integral-periphery-1.2.0.tgz#803f7366b4a4d9d604146d67030e187912260d10"
  integrity sha512-gH3qLqoDHeq3qf0Pe277v7ei1712wGsYvW73KplNOtXtsPBmh4T3L6ZvL0DokZNvf676xdhyqo2zFp8Ip6ojNg==
  dependencies:
    "@cryptoalgebra/integral-core" "1.2.0"
    "@openzeppelin/contracts" "4.9.3"
    "@uniswap/v2-core" "1.0.1"

"@openzeppelin/contracts@4.9.3":
  version "4.9.3"
  resolved "https://registry.yarnpkg.com/@openzeppelin/contracts/-/contracts-4.9.3.tgz#00d7a8cf35a475b160b3f0293a6403c511099364"
  integrity sha512-He3LieZ1pP2TNt5JbkPA4PNT9WC3gOTOlDcFGJW4Le4QKqwmiNJCRt44APfxMxvq7OugU/cqYuPcSBzOw38DAg==

"@uniswap/v2-core@1.0.1":
  version "1.0.1"
  resolved "https://registry.yarnpkg.com/@uniswap/v2-core/-/v2-core-1.0.1.tgz#af8f508bf183204779938969e2e54043e147d425"
  integrity sha512-MtybtkUPSyysqLY2U210NBDeCHX+ltHt3oADGdjqoThZaFRDKwM6k1Nb3F0A3hk5hwuQvytFWhrWHOEq6nVJ8Q==
