{
  "name": "@cryptoalgebra/integral-farming",
  "version": "1.2.4",
  "lockfileVersion": 3,
  "requires": true,
  "packages": {
    "": {
      "name": "@cryptoalgebra/integral-farming",
      "version": "1.2.4",
      "license": "GPL-3.0-or-later",
      "dependencies": {
        "@cryptoalgebra/integral-core": "1.2.9",
        "@openzeppelin/contracts": "4.9.6"
      },
      "devDependencies": {
        "@types/lodash": "4.14.170",
        "lodash": "4.17.21"
      },
      "engines": {
        "node": ">=16.0.0",
        "npm": ">=8.0.0"
      }
    },
    "../periphery": {
      "name": "@cryptoalgebra/integral-periphery",
      "version": "1.2.4",
      "extraneous": true,
      "license": "GPL-2.0-or-later",
      "dependencies": {
        "@cryptoalgebra/integral-core": "1.2.9",
        "@openzeppelin/contracts": "4.9.6",
        "@uniswap/v2-core": "1.0.1"
      },
      "devDependencies": {
        "is-svg": "4.3.1"
      },
      "engines": {
        "node": ">=16.0.0",
        "npm": ">=8.0.0"
      }
    },
    "../plugin": {
      "name": "@cryptoalgebra/integral-base-plugin",
      "version": "1.2.4",
      "extraneous": true,
      "license": "GPL-2.0-or-later",
      "dependencies": {
        "@cryptoalgebra/integral-core": "1.2.9"
      },
      "engines": {
        "node": ">=16.0.0",
        "npm": ">=8.0.0"
      }
    },
    "node_modules/@cryptoalgebra/integral-core": {
      "version": "1.2.9",
      "resolved": "https://registry.npmjs.org/@cryptoalgebra/integral-core/-/integral-core-1.2.9.tgz",
      "integrity": "sha512-8a2/W/3BDWThJpMORIjfN7eN3KCKDQ7i2unCB3YBsnT7kXrUN6ntpJgl3clSe1o/nG/9SjpXHyLz75J4r2YGEw==",
      "license": "GPL-2.0-or-later",
      "dependencies": {
        "@openzeppelin/contracts": "4.9.3"
      },
      "engines": {
        "node": ">=16.0.0",
        "npm": ">=8.0.0"
      }
    },
    "node_modules/@cryptoalgebra/integral-core/node_modules/@openzeppelin/contracts": {
      "version": "4.9.3",
      "resolved": "https://registry.npmjs.org/@openzeppelin/contracts/-/contracts-4.9.3.tgz",
      "integrity": "sha512-He3LieZ1pP2TNt5JbkPA4PNT9WC3gOTOlDcFGJW4Le4QKqwmiNJCRt44APfxMxvq7OugU/cqYuPcSBzOw38DAg==",
      "license": "MIT"
    },
    "node_modules/@openzeppelin/contracts": {
      "version": "4.9.6",
      "resolved": "https://registry.npmjs.org/@openzeppelin/contracts/-/contracts-4.9.6.tgz",
      "integrity": "sha512-xSmezSupL+y9VkHZJGDoCBpmnB2ogM13ccaYDWqJTfS3dbuHkgjuwDFUmaFauBCboQMGB/S5UqUl2y54X99BmA==",
      "license": "MIT"
    },
    "node_modules/@types/lodash": {
      "version": "4.14.170",
      "resolved": "https://registry.npmjs.org/@types/lodash/-/lodash-4.14.170.tgz",
      "integrity": "sha512-bpcvu/MKHHeYX+qeEN8GE7DIravODWdACVA1ctevD8CN24RhPZIKMn9ntfAsrvLfSX3cR5RrBKAbYm9bGs0A+Q==",
      "dev": true,
      "license": "MIT"
    },
    "node_modules/lodash": {
      "version": "4.17.21",
      "dev": true,
      "license": "MIT"
    }
  }
}
