{
  "name": "@cryptoalgebra/integral-periphery",
  "version": "1.2.4",
  "lockfileVersion": 3,
  "requires": true,
  "packages": {
    "": {
      "name": "@cryptoalgebra/integral-periphery",
      "version": "1.2.4",
      "license": "GPL-2.0-or-later",
      "dependencies": {
        "@cryptoalgebra/integral-core": "1.2.9",
        "@openzeppelin/contracts": "4.9.6",
        "@uniswap/v2-core": "1.0.1"
      },
      "devDependencies": {
        "is-svg": "4.3.1"
      },
      "engines": {
        "node": ">=16.0.0",
        "npm": ">=8.0.0"
      }
    },
    "node_modules/@cryptoalgebra/integral-core": {
      "version": "1.2.9",
      "resolved": "https://registry.npmjs.org/@cryptoalgebra/integral-core/-/integral-core-1.2.9.tgz",
      "integrity": "sha512-8a2/W/3BDWThJpMORIjfN7eN3KCKDQ7i2unCB3YBsnT7kXrUN6ntpJgl3clSe1o/nG/9SjpXHyLz75J4r2YGEw==",
      "license": "GPL-2.0-or-later",
      "dependencies": {
        "@openzeppelin/contracts": "4.9.3"
      },
      "engines": {
        "node": ">=16.0.0",
        "npm": ">=8.0.0"
      }
    },
    "node_modules/@cryptoalgebra/integral-core/node_modules/@openzeppelin/contracts": {
      "version": "4.9.3",
      "resolved": "https://registry.npmjs.org/@openzeppelin/contracts/-/contracts-4.9.3.tgz",
      "integrity": "sha512-He3LieZ1pP2TNt5JbkPA4PNT9WC3gOTOlDcFGJW4Le4QKqwmiNJCRt44APfxMxvq7OugU/cqYuPcSBzOw38DAg==",
      "license": "MIT"
    },
    "node_modules/@openzeppelin/contracts": {
      "version": "4.9.6",
      "resolved": "https://registry.npmjs.org/@openzeppelin/contracts/-/contracts-4.9.6.tgz",
      "integrity": "sha512-xSmezSupL+y9VkHZJGDoCBpmnB2ogM13ccaYDWqJTfS3dbuHkgjuwDFUmaFauBCboQMGB/S5UqUl2y54X99BmA==",
      "license": "MIT"
    },
    "node_modules/@uniswap/v2-core": {
      "version": "1.0.1",
      "license": "GPL-3.0-or-later",
      "engines": {
        "node": ">=10"
      }
    },
    "node_modules/fast-xml-parser": {
      "version": "3.21.1",
      "resolved": "https://registry.npmjs.org/fast-xml-parser/-/fast-xml-parser-3.21.1.tgz",
      "integrity": "sha512-FTFVjYoBOZTJekiUsawGsSYV9QL0A+zDYCRj7y34IO6Jg+2IMYEtQa+bbictpdpV8dHxXywqU7C0gRDEOFtBFg==",
      "dev": true,
      "license": "MIT",
      "dependencies": {
        "strnum": "^1.0.4"
      },
      "bin": {
        "xml2js": "cli.js"
      },
      "funding": {
        "type": "paypal",
        "url": "https://paypal.me/naturalintelligence"
      }
    },
    "node_modules/is-svg": {
      "version": "4.3.1",
      "resolved": "https://registry.npmjs.org/is-svg/-/is-svg-4.3.1.tgz",
      "integrity": "sha512-h2CGs+yPUyvkgTJQS9cJzo9lYK06WgRiXUqBBHtglSzVKAuH4/oWsqk7LGfbSa1hGk9QcZ0SyQtVggvBA8LZXA==",
      "dev": true,
      "license": "MIT",
      "dependencies": {
        "fast-xml-parser": "^3.19.0"
      },
      "engines": {
        "node": ">=6"
      },
      "funding": {
        "url": "https://github.com/sponsors/sindresorhus"
      }
    },
    "node_modules/strnum": {
      "version": "1.1.2",
      "resolved": "https://registry.npmjs.org/strnum/-/strnum-1.1.2.tgz",
      "integrity": "sha512-vrN+B7DBIoTTZjnPNewwhx6cBA/H+IS7rfW68n7XxC1y7uoiGQBxaKzqucGUgavX15dJgiGztLJ8vxuEzwqBdA==",
      "dev": true,
      "funding": [
        {
          "type": "github",
          "url": "https://github.com/sponsors/NaturalIntelligence"
        }
      ],
      "license": "MIT"
    }
  }
}
